// !$*UTF8*$!
{
	archiveVersion = 1;
	classes = {
	};
	objectVersion = 55;
	objects = {

/* Begin PBXBuildFile section */
		0852DFB72775F4930044AFDC /* AppDelegate.swift in Sources */ = {isa = PBXBuildFile; fileRef = 0852DFB62775F4930044AFDC /* AppDelegate.swift */; };
		0852DFB92775F4930044AFDC /* SceneDelegate.swift in Sources */ = {isa = PBXBuildFile; fileRef = 0852DFB82775F4930044AFDC /* SceneDelegate.swift */; };
		0852DFBB2775F4930044AFDC /* ViewController.swift in Sources */ = {isa = PBXBuildFile; fileRef = 0852DFBA2775F4930044AFDC /* ViewController.swift */; };
		0852DFBE2775F4930044AFDC /* Main.storyboard in Resources */ = {isa = PBXBuildFile; fileRef = 0852DFBC2775F4930044AFDC /* Main.storyboard */; };
		0852DFC02775F4950044AFDC /* Assets.xcassets in Resources */ = {isa = PBXBuildFile; fileRef = 0852DFBF2775F4950044AFDC /* Assets.xcassets */; };
		0852DFC32775F4950044AFDC /* LaunchScreen.storyboard in Resources */ = {isa = PBXBuildFile; fileRef = 0852DFC12775F4950044AFDC /* LaunchScreen.storyboard */; };
		0852DFCE2775F4950044AFDC /* CloudMessagingExampleTests.swift in Sources */ = {isa = PBXBuildFile; fileRef = 0852DFCD2775F4950044AFDC /* CloudMessagingExampleTests.swift */; };
		0852DFD82775F4950044AFDC /* CloudMessagingExampleUITests.swift in Sources */ = {isa = PBXBuildFile; fileRef = 0852DFD72775F4950044AFDC /* CloudMessagingExampleUITests.swift */; };
		0852DFDA2775F4950044AFDC /* CloudMessagingExampleUITestsLaunchTests.swift in Sources */ = {isa = PBXBuildFile; fileRef = 0852DFD92775F4950044AFDC /* CloudMessagingExampleUITestsLaunchTests.swift */; };
		0852DFE72775FF2D0044AFDC /* GoogleService-Info.plist in Resources */ = {isa = PBXBuildFile; fileRef = 0852DFE62775FF2D0044AFDC /* GoogleService-Info.plist */; };
		0852DFEA277600220044AFDC /* FirebaseAnalytics in Frameworks */ = {isa = PBXBuildFile; productRef = 0852DFE9277600220044AFDC /* FirebaseAnalytics */; };
		0852DFEC277600220044AFDC /* FirebaseMessaging in Frameworks */ = {isa = PBXBuildFile; productRef = 0852DFEB277600220044AFDC /* FirebaseMessaging */; };
/* End PBXBuildFile section */

/* Begin PBXContainerItemProxy section */
		0852DFCA2775F4950044AFDC /* PBXContainerItemProxy */ = {
			isa = PBXContainerItemProxy;
			containerPortal = 0852DFAB2775F4930044AFDC /* Project object */;
			proxyType = 1;
			remoteGlobalIDString = 0852DFB22775F4930044AFDC;
			remoteInfo = CloudMessagingExample;
		};
		0852DFD42775F4950044AFDC /* PBXContainerItemProxy */ = {
			isa = PBXContainerItemProxy;
			containerPortal = 0852DFAB2775F4930044AFDC /* Project object */;
			proxyType = 1;
			remoteGlobalIDString = 0852DFB22775F4930044AFDC;
			remoteInfo = CloudMessagingExample;
		};
/* End PBXContainerItemProxy section */

/* Begin PBXFileReference section */
		0852DFB32775F4930044AFDC /* CloudMessagingExample.app */ = {isa = PBXFileReference; explicitFileType = wrapper.application; includeInIndex = 0; path = CloudMessagingExample.app; sourceTree = BUILT_PRODUCTS_DIR; };
		0852DFB62775F4930044AFDC /* AppDelegate.swift */ = {isa = PBXFileReference; lastKnownFileType = sourcecode.swift; path = AppDelegate.swift; sourceTree = "<group>"; };
		0852DFB82775F4930044AFDC /* SceneDelegate.swift */ = {isa = PBXFileReference; lastKnownFileType = sourcecode.swift; path = SceneDelegate.swift; sourceTree = "<group>"; };
		0852DFBA2775F4930044AFDC /* ViewController.swift */ = {isa = PBXFileReference; lastKnownFileType = sourcecode.swift; path = ViewController.swift; sourceTree = "<group>"; };
		0852DFBD2775F4930044AFDC /* Base */ = {isa = PBXFileReference; lastKnownFileType = file.storyboard; name = Base; path = Base.lproj/Main.storyboard; sourceTree = "<group>"; };
		0852DFBF2775F4950044AFDC /* Assets.xcassets */ = {isa = PBXFileReference; lastKnownFileType = folder.assetcatalog; path = Assets.xcassets; sourceTree = "<group>"; };
		0852DFC22775F4950044AFDC /* Base */ = {isa = PBXFileReference; lastKnownFileType = file.storyboard; name = Base; path = Base.lproj/LaunchScreen.storyboard; sourceTree = "<group>"; };
		0852DFC42775F4950044AFDC /* Info.plist */ = {isa = PBXFileReference; lastKnownFileType = text.plist.xml; path = Info.plist; sourceTree = "<group>"; };
		0852DFC92775F4950044AFDC /* CloudMessagingExampleTests.xctest */ = {isa = PBXFileReference; explicitFileType = wrapper.cfbundle; includeInIndex = 0; path = CloudMessagingExampleTests.xctest; sourceTree = BUILT_PRODUCTS_DIR; };
		0852DFCD2775F4950044AFDC /* CloudMessagingExampleTests.swift */ = {isa = PBXFileReference; lastKnownFileType = sourcecode.swift; path = CloudMessagingExampleTests.swift; sourceTree = "<group>"; };
		0852DFD32775F4950044AFDC /* CloudMessagingExampleUITests.xctest */ = {isa = PBXFileReference; explicitFileType = wrapper.cfbundle; includeInIndex = 0; path = CloudMessagingExampleUITests.xctest; sourceTree = BUILT_PRODUCTS_DIR; };
		0852DFD72775F4950044AFDC /* CloudMessagingExampleUITests.swift */ = {isa = PBXFileReference; lastKnownFileType = sourcecode.swift; path = CloudMessagingExampleUITests.swift; sourceTree = "<group>"; };
		0852DFD92775F4950044AFDC /* CloudMessagingExampleUITestsLaunchTests.swift */ = {isa = PBXFileReference; lastKnownFileType = sourcecode.swift; path = CloudMessagingExampleUITestsLaunchTests.swift; sourceTree = "<group>"; };
		0852DFE62775FF2D0044AFDC /* GoogleService-Info.plist */ = {isa = PBXFileReference; fileEncoding = 4; lastKnownFileType = text.plist.xml; path = "GoogleService-Info.plist"; sourceTree = "<group>"; };
/* End PBXFileReference section */

/* Begin PBXFrameworksBuildPhase section */
		0852DFB02775F4930044AFDC /* Frameworks */ = {
			isa = PBXFrameworksBuildPhase;
			buildActionMask = 2147483647;
			files = (
				0852DFEC277600220044AFDC /* FirebaseMessaging in Frameworks */,
				0852DFEA277600220044AFDC /* FirebaseAnalytics in Frameworks */,
			);
			runOnlyForDeploymentPostprocessing = 0;
		};
		0852DFC62775F4950044AFDC /* Frameworks */ = {
			isa = PBXFrameworksBuildPhase;
			buildActionMask = 2147483647;
			files = (
			);
			runOnlyForDeploymentPostprocessing = 0;
		};
		0852DFD02775F4950044AFDC /* Frameworks */ = {
			isa = PBXFrameworksBuildPhase;
			buildActionMask = 2147483647;
			files = (
			);
			runOnlyForDeploymentPostprocessing = 0;
		};
/* End PBXFrameworksBuildPhase section */

/* Begin PBXGroup section */
		0852DFAA2775F4930044AFDC = {
			isa = PBXGroup;
			children = (
				0852DFB52775F4930044AFDC /* CloudMessagingExample */,
				0852DFCC2775F4950044AFDC /* CloudMessagingExampleTests */,
				0852DFD62775F4950044AFDC /* CloudMessagingExampleUITests */,
				0852DFB42775F4930044AFDC /* Products */,
			);
			sourceTree = "<group>";
		};
		0852DFB42775F4930044AFDC /* Products */ = {
			isa = PBXGroup;
			children = (
				0852DFB32775F4930044AFDC /* CloudMessagingExample.app */,
				0852DFC92775F4950044AFDC /* CloudMessagingExampleTests.xctest */,
				0852DFD32775F4950044AFDC /* CloudMessagingExampleUITests.xctest */,
			);
			name = Products;
			sourceTree = "<group>";
		};
		0852DFB52775F4930044AFDC /* CloudMessagingExample */ = {
			isa = PBXGroup;
			children = (
				0852DFB62775F4930044AFDC /* AppDelegate.swift */,
				0852DFB82775F4930044AFDC /* SceneDelegate.swift */,
				0852DFBA2775F4930044AFDC /* ViewController.swift */,
				0852DFBC2775F4930044AFDC /* Main.storyboard */,
				0852DFBF2775F4950044AFDC /* Assets.xcassets */,
				0852DFC12775F4950044AFDC /* LaunchScreen.storyboard */,
				0852DFC42775F4950044AFDC /* Info.plist */,
				0852DFE62775FF2D0044AFDC /* GoogleService-Info.plist */,
			);
			path = CloudMessagingExample;
			sourceTree = "<group>";
		};
		0852DFCC2775F4950044AFDC /* CloudMessagingExampleTests */ = {
			isa = PBXGroup;
			children = (
				0852DFCD2775F4950044AFDC /* CloudMessagingExampleTests.swift */,
			);
			path = CloudMessagingExampleTests;
			sourceTree = "<group>";
		};
		0852DFD62775F4950044AFDC /* CloudMessagingExampleUITests */ = {
			isa = PBXGroup;
			children = (
				0852DFD72775F4950044AFDC /* CloudMessagingExampleUITests.swift */,
				0852DFD92775F4950044AFDC /* CloudMessagingExampleUITestsLaunchTests.swift */,
			);
			path = CloudMessagingExampleUITests;
			sourceTree = "<group>";
		};
/* End PBXGroup section */

/* Begin PBXNativeTarget section */
		0852DFB22775F4930044AFDC /* CloudMessagingExample */ = {
			isa = PBXNativeTarget;
			buildConfigurationList = 0852DFDD2775F4950044AFDC /* Build configuration list for PBXNativeTarget "CloudMessagingExample" */;
			buildPhases = (
				0852DFAF2775F4930044AFDC /* Sources */,
				0852DFB02775F4930044AFDC /* Frameworks */,
				0852DFB12775F4930044AFDC /* Resources */,
			);
			buildRules = (
			);
			dependencies = (
			);
			name = CloudMessagingExample;
			packageProductDependencies = (
				0852DFE9277600220044AFDC /* FirebaseAnalytics */,
				0852DFEB277600220044AFDC /* FirebaseMessaging */,
			);
			productName = CloudMessagingExample;
			productReference = 0852DFB32775F4930044AFDC /* CloudMessagingExample.app */;
			productType = "com.apple.product-type.application";
		};
		0852DFC82775F4950044AFDC /* CloudMessagingExampleTests */ = {
			isa = PBXNativeTarget;
			buildConfigurationList = 0852DFE02775F4950044AFDC /* Build configuration list for PBXNativeTarget "CloudMessagingExampleTests" */;
			buildPhases = (
				0852DFC52775F4950044AFDC /* Sources */,
				0852DFC62775F4950044AFDC /* Frameworks */,
				0852DFC72775F4950044AFDC /* Resources */,
			);
			buildRules = (
			);
			dependencies = (
				0852DFCB2775F4950044AFDC /* PBXTargetDependency */,
			);
			name = CloudMessagingExampleTests;
			productName = CloudMessagingExampleTests;
			productReference = 0852DFC92775F4950044AFDC /* CloudMessagingExampleTests.xctest */;
			productType = "com.apple.product-type.bundle.unit-test";
		};
		0852DFD22775F4950044AFDC /* CloudMessagingExampleUITests */ = {
			isa = PBXNativeTarget;
			buildConfigurationList = 0852DFE32775F4950044AFDC /* Build configuration list for PBXNativeTarget "CloudMessagingExampleUITests" */;
			buildPhases = (
				0852DFCF2775F4950044AFDC /* Sources */,
				0852DFD02775F4950044AFDC /* Frameworks */,
				0852DFD12775F4950044AFDC /* Resources */,
			);
			buildRules = (
			);
			dependencies = (
				0852DFD52775F4950044AFDC /* PBXTargetDependency */,
			);
			name = CloudMessagingExampleUITests;
			productName = CloudMessagingExampleUITests;
			productReference = 0852DFD32775F4950044AFDC /* CloudMessagingExampleUITests.xctest */;
			productType = "com.apple.product-type.bundle.ui-testing";
		};
/* End PBXNativeTarget section */

/* Begin PBXProject section */
		0852DFAB2775F4930044AFDC /* Project object */ = {
			isa = PBXProject;
			attributes = {
				BuildIndependentTargetsInParallel = 1;
				LastSwiftUpdateCheck = 1320;
				LastUpgradeCheck = 1320;
				TargetAttributes = {
					0852DFB22775F4930044AFDC = {
						CreatedOnToolsVersion = 13.2.1;
					};
					0852DFC82775F4950044AFDC = {
						CreatedOnToolsVersion = 13.2.1;
						TestTargetID = 0852DFB22775F4930044AFDC;
					};
					0852DFD22775F4950044AFDC = {
						CreatedOnToolsVersion = 13.2.1;
						TestTargetID = 0852DFB22775F4930044AFDC;
					};
				};
			};
			buildConfigurationList = 0852DFAE2775F4930044AFDC /* Build configuration list for PBXProject "CloudMessagingExample" */;
			compatibilityVersion = "Xcode 13.0";
			developmentRegion = en;
			hasScannedForEncodings = 0;
			knownRegions = (
				en,
				Base,
			);
			mainGroup = 0852DFAA2775F4930044AFDC;
			packageReferences = (
				0852DFE8277600220044AFDC /* XCRemoteSwiftPackageReference "firebase-ios-sdk" */,
			);
			productRefGroup = 0852DFB42775F4930044AFDC /* Products */;
			projectDirPath = "";
			projectRoot = "";
			targets = (
				0852DFB22775F4930044AFDC /* CloudMessagingExample */,
				0852DFC82775F4950044AFDC /* CloudMessagingExampleTests */,
				0852DFD22775F4950044AFDC /* CloudMessagingExampleUITests */,
			);
		};
/* End PBXProject section */

/* Begin PBXResourcesBuildPhase section */
		0852DFB12775F4930044AFDC /* Resources */ = {
			isa = PBXResourcesBuildPhase;
			buildActionMask = 2147483647;
			files = (
				0852DFC32775F4950044AFDC /* LaunchScreen.storyboard in Resources */,
				0852DFE72775FF2D0044AFDC /* GoogleService-Info.plist in Resources */,
				0852DFC02775F4950044AFDC /* Assets.xcassets in Resources */,
				0852DFBE2775F4930044AFDC /* Main.storyboard in Resources */,
			);
			runOnlyForDeploymentPostprocessing = 0;
		};
		0852DFC72775F4950044AFDC /* Resources */ = {
			isa = PBXResourcesBuildPhase;
			buildActionMask = 2147483647;
			files = (
			);
			runOnlyForDeploymentPostprocessing = 0;
		};
		0852DFD12775F4950044AFDC /* Resources */ = {
			isa = PBXResourcesBuildPhase;
			buildActionMask = 2147483647;
			files = (
			);
			runOnlyForDeploymentPostprocessing = 0;
		};
/* End PBXResourcesBuildPhase section */

/* Begin PBXSourcesBuildPhase section */
		0852DFAF2775F4930044AFDC /* Sources */ = {
			isa = PBXSourcesBuildPhase;
			buildActionMask = 2147483647;
			files = (
				0852DFBB2775F4930044AFDC /* ViewController.swift in Sources */,
				0852DFB72775F4930044AFDC /* AppDelegate.swift in Sources */,
				0852DFB92775F4930044AFDC /* SceneDelegate.swift in Sources */,
			);
			runOnlyForDeploymentPostprocessing = 0;
		};
		0852DFC52775F4950044AFDC /* Sources */ = {
			isa = PBXSourcesBuildPhase;
			buildActionMask = 2147483647;
			files = (
				0852DFCE2775F4950044AFDC /* CloudMessagingExampleTests.swift in Sources */,
			);
			runOnlyForDeploymentPostprocessing = 0;
		};
		0852DFCF2775F4950044AFDC /* Sources */ = {
			isa = PBXSourcesBuildPhase;
			buildActionMask = 2147483647;
			files = (
				0852DFDA2775F4950044AFDC /* CloudMessagingExampleUITestsLaunchTests.swift in Sources */,
				0852DFD82775F4950044AFDC /* CloudMessagingExampleUITests.swift in Sources */,
			);
			runOnlyForDeploymentPostprocessing = 0;
		};
/* End PBXSourcesBuildPhase section */

/* Begin PBXTargetDependency section */
		0852DFCB2775F4950044AFDC /* PBXTargetDependency */ = {
			isa = PBXTargetDependency;
			target = 0852DFB22775F4930044AFDC /* CloudMessagingExample */;
			targetProxy = 0852DFCA2775F4950044AFDC /* PBXContainerItemProxy */;
		};
		0852DFD52775F4950044AFDC /* PBXTargetDependency */ = {
			isa = PBXTargetDependency;
			target = 0852DFB22775F4930044AFDC /* CloudMessagingExample */;
			targetProxy = 0852DFD42775F4950044AFDC /* PBXContainerItemProxy */;
		};
/* End PBXTargetDependency section */

/* Begin PBXVariantGroup section */
		0852DFBC2775F4930044AFDC /* Main.storyboard */ = {
			isa = PBXVariantGroup;
			children = (
				0852DFBD2775F4930044AFDC /* Base */,
			);
			name = Main.storyboard;
			sourceTree = "<group>";
		};
		0852DFC12775F4950044AFDC /* LaunchScreen.storyboard */ = {
			isa = PBXVariantGroup;
			children = (
				0852DFC22775F4950044AFDC /* Base */,
			);
			name = LaunchScreen.storyboard;
			sourceTree = "<group>";
		};
/* End PBXVariantGroup section */

/* Begin XCBuildConfiguration section */
		0852DFDB2775F4950044AFDC /* Debug */ = {
			isa = XCBuildConfiguration;
			buildSettings = {
				ALWAYS_SEARCH_USER_PATHS = NO;
				CLANG_ANALYZER_NONNULL = YES;
				CLANG_ANALYZER_NUMBER_OBJECT_CONVERSION = YES_AGGRESSIVE;
				CLANG_CXX_LANGUAGE_STANDARD = "gnu++17";
				CLANG_CXX_LIBRARY = "libc++";
				CLANG_ENABLE_MODULES = YES;
				CLANG_ENABLE_OBJC_ARC = YES;
				CLANG_ENABLE_OBJC_WEAK = YES;
				CLANG_WARN_BLOCK_CAPTURE_AUTORELEASING = YES;
				CLANG_WARN_BOOL_CONVERSION = YES;
				CLANG_WARN_COMMA = YES;
				CLANG_WARN_CONSTANT_CONVERSION = YES;
				CLANG_WARN_DEPRECATED_OBJC_IMPLEMENTATIONS = YES;
				CLANG_WARN_DIRECT_OBJC_ISA_USAGE = YES_ERROR;
				CLANG_WARN_DOCUMENTATION_COMMENTS = YES;
				CLANG_WARN_EMPTY_BODY = YES;
				CLANG_WARN_ENUM_CONVERSION = YES;
				CLANG_WARN_INFINITE_RECURSION = YES;
				CLANG_WARN_INT_CONVERSION = YES;
				CLANG_WARN_NON_LITERAL_NULL_CONVERSION = YES;
				CLANG_WARN_OBJC_IMPLICIT_RETAIN_SELF = YES;
				CLANG_WARN_OBJC_LITERAL_CONVERSION = YES;
				CLANG_WARN_OBJC_ROOT_CLASS = YES_ERROR;
				CLANG_WARN_QUOTED_INCLUDE_IN_FRAMEWORK_HEADER = YES;
				CLANG_WARN_RANGE_LOOP_ANALYSIS = YES;
				CLANG_WARN_STRICT_PROTOTYPES = YES;
				CLANG_WARN_SUSPICIOUS_MOVE = YES;
				CLANG_WARN_UNGUARDED_AVAILABILITY = YES_AGGRESSIVE;
				CLANG_WARN_UNREACHABLE_CODE = YES;
				CLANG_WARN__DUPLICATE_METHOD_MATCH = YES;
				COPY_PHASE_STRIP = NO;
				DEBUG_INFORMATION_FORMAT = dwarf;
				ENABLE_STRICT_OBJC_MSGSEND = YES;
				ENABLE_TESTABILITY = YES;
				GCC_C_LANGUAGE_STANDARD = gnu11;
				GCC_DYNAMIC_NO_PIC = NO;
				GCC_NO_COMMON_BLOCKS = YES;
				GCC_OPTIMIZATION_LEVEL = 0;
				GCC_PREPROCESSOR_DEFINITIONS = (
					"DEBUG=1",
					"$(inherited)",
				);
				GCC_WARN_64_TO_32_BIT_CONVERSION = YES;
				GCC_WARN_ABOUT_RETURN_TYPE = YES_ERROR;
				GCC_WARN_UNDECLARED_SELECTOR = YES;
				GCC_WARN_UNINITIALIZED_AUTOS = YES_AGGRESSIVE;
				GCC_WARN_UNUSED_FUNCTION = YES;
				GCC_WARN_UNUSED_VARIABLE = YES;
				IPHONEOS_DEPLOYMENT_TARGET = 15.1;
				MTL_ENABLE_DEBUG_INFO = INCLUDE_SOURCE;
				MTL_FAST_MATH = YES;
				ONLY_ACTIVE_ARCH = YES;
				SDKROOT = iphoneos;
				SWIFT_ACTIVE_COMPILATION_CONDITIONS = DEBUG;
				SWIFT_OPTIMIZATION_LEVEL = "-Onone";
			};
			name = Debug;
		};
		0852DFDC2775F4950044AFDC /* Release */ = {
			isa = XCBuildConfiguration;
			buildSettings = {
				ALWAYS_SEARCH_USER_PATHS = NO;
				CLANG_ANALYZER_NONNULL = YES;
				CLANG_ANALYZER_NUMBER_OBJECT_CONVERSION = YES_AGGRESSIVE;
				CLANG_CXX_LANGUAGE_STANDARD = "gnu++17";
				CLANG_CXX_LIBRARY = "libc++";
				CLANG_ENABLE_MODULES = YES;
				CLANG_ENABLE_OBJC_ARC = YES;
				CLANG_ENABLE_OBJC_WEAK = YES;
				CLANG_WARN_BLOCK_CAPTURE_AUTORELEASING = YES;
				CLANG_WARN_BOOL_CONVERSION = YES;
				CLANG_WARN_COMMA = YES;
				CLANG_WARN_CONSTANT_CONVERSION = YES;
				CLANG_WARN_DEPRECATED_OBJC_IMPLEMENTATIONS = YES;
				CLANG_WARN_DIRECT_OBJC_ISA_USAGE = YES_ERROR;
				CLANG_WARN_DOCUMENTATION_COMMENTS = YES;
				CLANG_WARN_EMPTY_BODY = YES;
				CLANG_WARN_ENUM_CONVERSION = YES;
				CLANG_WARN_INFINITE_RECURSION = YES;
				CLANG_WARN_INT_CONVERSION = YES;
				CLANG_WARN_NON_LITERAL_NULL_CONVERSION = YES;
				CLANG_WARN_OBJC_IMPLICIT_RETAIN_SELF = YES;
				CLANG_WARN_OBJC_LITERAL_CONVERSION = YES;
				CLANG_WARN_OBJC_ROOT_CLASS = YES_ERROR;
				CLANG_WARN_QUOTED_INCLUDE_IN_FRAMEWORK_HEADER = YES;
				CLANG_WARN_RANGE_LOOP_ANALYSIS = YES;
				CLANG_WARN_STRICT_PROTOTYPES = YES;
				CLANG_WARN_SUSPICIOUS_MOVE = YES;
				CLANG_WARN_UNGUARDED_AVAILABILITY = YES_AGGRESSIVE;
				CLANG_WARN_UNREACHABLE_CODE = YES;
				CLANG_WARN__DUPLICATE_METHOD_MATCH = YES;
				COPY_PHASE_STRIP = NO;
				DEBUG_INFORMATION_FORMAT = "dwarf-with-dsym";
				ENABLE_NS_ASSERTIONS = NO;
				ENABLE_STRICT_OBJC_MSGSEND = YES;
				GCC_C_LANGUAGE_STANDARD = gnu11;
				GCC_NO_COMMON_BLOCKS = YES;
				GCC_WARN_64_TO_32_BIT_CONVERSION = YES;
				GCC_WARN_ABOUT_RETURN_TYPE = YES_ERROR;
				GCC_WARN_UNDECLARED_SELECTOR = YES;
				GCC_WARN_UNINITIALIZED_AUTOS = YES_AGGRESSIVE;
				GCC_WARN_UNUSED_FUNCTION = YES;
				GCC_WARN_UNUSED_VARIABLE = YES;
				IPHONEOS_DEPLOYMENT_TARGET = 15.1;
				MTL_ENABLE_DEBUG_INFO = NO;
				MTL_FAST_MATH = YES;
				SDKROOT = iphoneos;
				SWIFT_COMPILATION_MODE = wholemodule;
				SWIFT_OPTIMIZATION_LEVEL = "-O";
				VALIDATE_PRODUCT = YES;
			};
			name = Release;
		};
		0852DFDE2775F4950044AFDC /* Debug */ = {
			isa = XCBuildConfiguration;
			buildSettings = {
				ASSETCATALOG_COMPILER_APPICON_NAME = AppIcon;
				ASSETCATALOG_COMPILER_GLOBAL_ACCENT_COLOR_NAME = AccentColor;
				CODE_SIGN_STYLE = Automatic;
				CURRENT_PROJECT_VERSION = 1;
				DEVELOPMENT_TEAM = NYT8BVWJBJ;
				GENERATE_INFOPLIST_FILE = YES;
				INFOPLIST_FILE = CloudMessagingExample/Info.plist;
				INFOPLIST_KEY_UIApplicationSupportsIndirectInputEvents = YES;
				INFOPLIST_KEY_UILaunchStoryboardName = LaunchScreen;
				INFOPLIST_KEY_UIMainStoryboardFile = Main;
				INFOPLIST_KEY_UISupportedInterfaceOrientations_iPad = "UIInterfaceOrientationPortrait UIInterfaceOrientationPortraitUpsideDown UIInterfaceOrientationLandscapeLeft UIInterfaceOrientationLandscapeRight";
				INFOPLIST_KEY_UISupportedInterfaceOrientations_iPhone = "UIInterfaceOrientationPortrait UIInterfaceOrientationLandscapeLeft UIInterfaceOrientationLandscapeRight";
				LD_RUNPATH_SEARCH_PATHS = (
					"$(inherited)",
					"@executable_path/Frameworks",
				);
				MARKETING_VERSION = 1.0;
				PRODUCT_BUNDLE_IDENTIFIER = io.github.ykws.CloudMessagingExample;
				PRODUCT_NAME = "$(TARGET_NAME)";
				SWIFT_EMIT_LOC_STRINGS = YES;
				SWIFT_VERSION = 5.0;
				TARGETED_DEVICE_FAMILY = "1,2";
			};
			name = Debug;
		};
		0852DFDF2775F4950044AFDC /* Release */ = {
			isa = XCBuildConfiguration;
			buildSettings = {
				ASSETCATALOG_COMPILER_APPICON_NAME = AppIcon;
				ASSETCATALOG_COMPILER_GLOBAL_ACCENT_COLOR_NAME = AccentColor;
				CODE_SIGN_STYLE = Automatic;
				CURRENT_PROJECT_VERSION = 1;
				DEVELOPMENT_TEAM = NYT8BVWJBJ;
				GENERATE_INFOPLIST_FILE = YES;
				INFOPLIST_FILE = CloudMessagingExample/Info.plist;
				INFOPLIST_KEY_UIApplicationSupportsIndirectInputEvents = YES;
				INFOPLIST_KEY_UILaunchStoryboardName = LaunchScreen;
				INFOPLIST_KEY_UIMainStoryboardFile = Main;
				INFOPLIST_KEY_UISupportedInterfaceOrientations_iPad = "UIInterfaceOrientationPortrait UIInterfaceOrientationPortraitUpsideDown UIInterfaceOrientationLandscapeLeft UIInterfaceOrientationLandscapeRight";
				INFOPLIST_KEY_UISupportedInterfaceOrientations_iPhone = "UIInterfaceOrientationPortrait UIInterfaceOrientationLandscapeLeft UIInterfaceOrientationLandscapeRight";
				LD_RUNPATH_SEARCH_PATHS = (
					"$(inherited)",
					"@executable_path/Frameworks",
				);
				MARKETING_VERSION = 1.0;
				PRODUCT_BUNDLE_IDENTIFIER = io.github.ykws.CloudMessagingExample;
				PRODUCT_NAME = "$(TARGET_NAME)";
				SWIFT_EMIT_LOC_STRINGS = YES;
				SWIFT_VERSION = 5.0;
				TARGETED_DEVICE_FAMILY = "1,2";
			};
			name = Release;
		};
		0852DFE12775F4950044AFDC /* Debug */ = {
			isa = XCBuildConfiguration;
			buildSettings = {
				ALWAYS_EMBED_SWIFT_STANDARD_LIBRARIES = YES;
				BUNDLE_LOADER = "$(TEST_HOST)";
				CODE_SIGN_STYLE = Automatic;
				CURRENT_PROJECT_VERSION = 1;
				DEVELOPMENT_TEAM = NYT8BVWJBJ;
				GENERATE_INFOPLIST_FILE = YES;
				IPHONEOS_DEPLOYMENT_TARGET = 15.2;
				MARKETING_VERSION = 1.0;
				PRODUCT_BUNDLE_IDENTIFIER = io.github.ykws.CloudMessagingExampleTests;
				PRODUCT_NAME = "$(TARGET_NAME)";
				SWIFT_EMIT_LOC_STRINGS = NO;
				SWIFT_VERSION = 5.0;
				TARGETED_DEVICE_FAMILY = "1,2";
				TEST_HOST = "$(BUILT_PRODUCTS_DIR)/CloudMessagingExample.app/CloudMessagingExample";
			};
			name = Debug;
		};
		0852DFE22775F4950044AFDC /* Release */ = {
			isa = XCBuildConfiguration;
			buildSettings = {
				ALWAYS_EMBED_SWIFT_STANDARD_LIBRARIES = YES;
				BUNDLE_LOADER = "$(TEST_HOST)";
				CODE_SIGN_STYLE = Automatic;
				CURRENT_PROJECT_VERSION = 1;
				DEVELOPMENT_TEAM = NYT8BVWJBJ;
				GENERATE_INFOPLIST_FILE = YES;
				IPHONEOS_DEPLOYMENT_TARGET = 15.2;
				MARKETING_VERSION = 1.0;
				PRODUCT_BUNDLE_IDENTIFIER = io.github.ykws.CloudMessagingExampleTests;
				PRODUCT_NAME = "$(TARGET_NAME)";
				SWIFT_EMIT_LOC_STRINGS = NO;
				SWIFT_VERSION = 5.0;
				TARGETED_DEVICE_FAMILY = "1,2";
				TEST_HOST = "$(BUILT_PRODUCTS_DIR)/CloudMessagingExample.app/CloudMessagingExample";
			};
			name = Release;
		};
		0852DFE42775F4950044AFDC /* Debug */ = {
			isa = XCBuildConfiguration;
			buildSettings = {
				ALWAYS_EMBED_SWIFT_STANDARD_LIBRARIES = YES;
				CODE_SIGN_STYLE = Automatic;
				CURRENT_PROJECT_VERSION = 1;
				DEVELOPMENT_TEAM = NYT8BVWJBJ;
				GENERATE_INFOPLIST_FILE = YES;
				MARKETING_VERSION = 1.0;
				PRODUCT_BUNDLE_IDENTIFIER = io.github.ykws.CloudMessagingExampleUITests;
				PRODUCT_NAME = "$(TARGET_NAME)";
				SWIFT_EMIT_LOC_STRINGS = NO;
				SWIFT_VERSION = 5.0;
				TARGETED_DEVICE_FAMILY = "1,2";
				TEST_TARGET_NAME = CloudMessagingExample;
			};
			name = Debug;
		};
		0852DFE52775F4950044AFDC /* Release */ = {
			isa = XCBuildConfiguration;
			buildSettings = {
				ALWAYS_EMBED_SWIFT_STANDARD_LIBRARIES = YES;
				CODE_SIGN_STYLE = Automatic;
				CURRENT_PROJECT_VERSION = 1;
				DEVELOPMENT_TEAM = NYT8BVWJBJ;
				GENERATE_INFOPLIST_FILE = YES;
				MARKETING_VERSION = 1.0;
				PRODUCT_BUNDLE_IDENTIFIER = io.github.ykws.CloudMessagingExampleUITests;
				PRODUCT_NAME = "$(TARGET_NAME)";
				SWIFT_EMIT_LOC_STRINGS = NO;
				SWIFT_VERSION = 5.0;
				TARGETED_DEVICE_FAMILY = "1,2";
				TEST_TARGET_NAME = CloudMessagingExample;
			};
			name = Release;
		};
/* End XCBuildConfiguration section */

/* Begin XCConfigurationList section */
		0852DFAE2775F4930044AFDC /* Build configuration list for PBXProject "CloudMessagingExample" */ = {
			isa = XCConfigurationList;
			buildConfigurations = (
				0852DFDB2775F4950044AFDC /* Debug */,
				0852DFDC2775F4950044AFDC /* Release */,
			);
			defaultConfigurationIsVisible = 0;
			defaultConfigurationName = Release;
		};
		0852DFDD2775F4950044AFDC /* Build configuration list for PBXNativeTarget "CloudMessagingExample" */ = {
			isa = XCConfigurationList;
			buildConfigurations = (
				0852DFDE2775F4950044AFDC /* Debug */,
				0852DFDF2775F4950044AFDC /* Release */,
			);
			defaultConfigurationIsVisible = 0;
			defaultConfigurationName = Release;
		};
		0852DFE02775F4950044AFDC /* Build configuration list for PBXNativeTarget "CloudMessagingExampleTests" */ = {
			isa = XCConfigurationList;
			buildConfigurations = (
				0852DFE12775F4950044AFDC /* Debug */,
				0852DFE22775F4950044AFDC /* Release */,
			);
			defaultConfigurationIsVisible = 0;
			defaultConfigurationName = Release;
		};
		0852DFE32775F4950044AFDC /* Build configuration list for PBXNativeTarget "CloudMessagingExampleUITests" */ = {
			isa = XCConfigurationList;
			buildConfigurations = (
				0852DFE42775F4950044AFDC /* Debug */,
				0852DFE52775F4950044AFDC /* Release */,
			);
			defaultConfigurationIsVisible = 0;
			defaultConfigurationName = Release;
		};
/* End XCConfigurationList section */

/* Begin XCRemoteSwiftPackageReference section */
		0852DFE8277600220044AFDC /* XCRemoteSwiftPackageReference "firebase-ios-sdk" */ = {
			isa = XCRemoteSwiftPackageReference;
			repositoryURL = "git@github.com:firebase/firebase-ios-sdk.git";
			requirement = {
				branch = master;
				kind = branch;
			};
		};
/* End XCRemoteSwiftPackageReference section */

/* Begin XCSwiftPackageProductDependency section */
		0852DFE9277600220044AFDC /* FirebaseAnalytics */ = {
			isa = XCSwiftPackageProductDependency;
			package = 0852DFE8277600220044AFDC /* XCRemoteSwiftPackageReference "firebase-ios-sdk" */;
			productName = FirebaseAnalytics;
		};
		0852DFEB277600220044AFDC /* FirebaseMessaging */ = {
			isa = XCSwiftPackageProductDependency;
			package = 0852DFE8277600220044AFDC /* XCRemoteSwiftPackageReference "firebase-ios-sdk" */;
			productName = FirebaseMessaging;
		};
/* End XCSwiftPackageProductDependency section */
	};
	rootObject = 0852DFAB2775F4930044AFDC /* Project object */;
}
